<?xml version="1.0" encoding="utf-8"?>
<Project ToolsVersion="4.0" xmlns="http://schemas.microsoft.com/developer/msbuild/2003">
  <ItemGroup>
    <ClCompile Include="SDFRenderer.cpp" />
    <ClCompile Include="SDF.cpp" />
    <ClCompile Include="Utils\ComputeProgramWrapper.cpp">
      <Filter>Utils</Filter>
    </ClCompile>
    <ClCompile Include="Utils\GraphicsProgramWrapper.cpp">
      <Filter>Utils</Filter>
    </ClCompile>
    <ClCompile Include="Main.cpp" />
    <ClCompile Include="FlatMesh.cpp" />
    <ClCompile Include="SDF_enum_operations.cpp" />
  </ItemGroup>
  <ItemGroup>
    <ClInclude Include="SDFRenderer.h" />
    <ClInclude Include="SDF.h" />
    <ClInclude Include="Utils\ComputeProgramWrapper.h">
      <Filter>Utils</Filter>
    </ClInclude>
    <ClInclude Include="Utils\GraphicsProgramWrapper.h">
      <Filter>Utils</Filter>
    </ClInclude>
    <ClInclude Include="Utils\magic_enum.hpp">
      <Filter>Utils</Filter>
    </ClInclude>
    <ClInclude Include="Utils\hash_tuple.hpp">
      <Filter>Utils</Filter>
    </ClInclude>
    <ClInclude Include="FlatMesh.h" />
  </ItemGroup>
  <ItemGroup>
    <Filter Include="Utils">
      <UniqueIdentifier>{d1bc89dc-fe39-4ded-aa3f-4d1fb514b1d4}</UniqueIdentifier>
    </Filter>
    <Filter Include="Shaders">
      <UniqueIdentifier>{d762d27a-06d3-47aa-8a05-b513affd1438}</UniqueIdentifier>
    </Filter>
    <Filter Include="Shaders\SDFScenes">
      <UniqueIdentifier>{9fda7eb5-b282-4133-bc0e-1a88e756959b}</UniqueIdentifier>
    </Filter>
    <Filter Include="Shaders\SDFScenes\sdf-explorer">
      <UniqueIdentifier>{68ec4d6d-b337-40da-979b-2f96bfd5ff13}</UniqueIdentifier>
    </Filter>
    <Filter Include="Shaders\SDFScenes\sdf-explorer\Animal">
      <UniqueIdentifier>{980bb9b4-d84e-492a-a576-452e57bccbf8}</UniqueIdentifier>
    </Filter>
    <Filter Include="Shaders\SDFScenes\sdf-explorer\Geometry">
      <UniqueIdentifier>{32ebdf1c-9bc0-4657-a128-a10d52e6c877}</UniqueIdentifier>
    </Filter>
    <Filter Include="Shaders\SDFScenes\sdf-explorer\Manufactured">
      <UniqueIdentifier>{bc0ba997-1bdf-4c14-8d2f-f62d4289b8b2}</UniqueIdentifier>
    </Filter>
    <Filter Include="Shaders\SDFScenes\sdf-explorer\Misc">
      <UniqueIdentifier>{cafcc323-49ce-4b06-b70b-2c932371a5a9}</UniqueIdentifier>
    </Filter>
    <Filter Include="Shaders\SDFScenes\sdf-explorer\Nature">
      <UniqueIdentifier>{2da2208b-3fa3-4520-9dd4-824b27cd4512}</UniqueIdentifier>
    </Filter>
    <Filter Include="Shaders\SDFScenes\sdf-explorer\Fractal">
      <UniqueIdentifier>{656ad8f2-bea1-4aa5-8175-d0cc4f792dd0}</UniqueIdentifier>
    </Filter>
    <Filter Include="Shaders\SDFScenes\sdf-explorer\Vehicle">
      <UniqueIdentifier>{4896a3db-2be4-426f-aa70-75141f9e800a}</UniqueIdentifier>
    </Filter>
  </ItemGroup>
  <ItemGroup>
    <ShaderSource Include="Shaders\cube_main.ps.slang">
      <Filter>Shaders</Filter>
    </ShaderSource>
    <ShaderSource Include="Shaders\cube_surface.vs.slang">
      <Filter>Shaders</Filter>
    </ShaderSource>
    <ShaderSource Include="Shaders\box_plane_intersecion.slang">
      <Filter>Shaders</Filter>
    </ShaderSource>
    <ShaderSource Include="Shaders\box_ray_intersecion.slang">
      <Filter>Shaders</Filter>
    </ShaderSource>
    <ShaderSource Include="Shaders\types.slang">
      <Filter>Shaders</Filter>
    </ShaderSource>
    <ShaderSource Include="Shaders\trace.slang">
      <Filter>Shaders</Filter>
    </ShaderSource>
    <ShaderSource Include="Shaders\sdf.slang">
      <Filter>Shaders</Filter>
    </ShaderSource>
    <ShaderSource Include="Shaders\shade.slang">
      <Filter>Shaders</Filter>
    </ShaderSource>
    <ShaderSource Include="Shaders\cube_frame.vs.slang">
      <Filter>Shaders</Filter>
    </ShaderSource>
    <ShaderSource Include="Shaders\color.ps.slang">
      <Filter>Shaders</Filter>
    </ShaderSource>
    <ShaderSource Include="Shaders\computeSDF.cs.slang">
      <Filter>Shaders</Filter>
    </ShaderSource>
    <ShaderSource Include="Shaders\SDFScenes\sphere.slang">
      <Filter>Shaders\SDFScenes</Filter>
    </ShaderSource>
    <ShaderSource Include="Shaders\SDFScenes\sdf-explorer\Animal\HumanHead.slang">
      <Filter>Shaders\SDFScenes\sdf-explorer\Animal</Filter>
    </ShaderSource>
    <ShaderSource Include="Shaders\SDFScenes\sdf-explorer\Geometry\Dodecahedron.slang">
      <Filter>Shaders\SDFScenes\sdf-explorer\Geometry</Filter>
    </ShaderSource>
    <ShaderSource Include="Shaders\SDFScenes\sdf-explorer\Manufactured\Gear.slang">
      <Filter>Shaders\SDFScenes\sdf-explorer\Manufactured</Filter>
    </ShaderSource>
    <ShaderSource Include="Shaders\SDFScenes\sdf-explorer\Manufactured\Teapot.slang">
      <Filter>Shaders\SDFScenes\sdf-explorer\Manufactured</Filter>
    </ShaderSource>
    <ShaderSource Include="Shaders\SDFScenes\sdf-explorer\Misc\Cheese.slang">
      <Filter>Shaders\SDFScenes\sdf-explorer\Misc</Filter>
    </ShaderSource>
    <ShaderSource Include="Shaders\SDFScenes\spheres.slang">
      <Filter>Shaders\SDFScenes</Filter>
    </ShaderSource>
    <ShaderSource Include="Shaders\SDFScenes\sdf_3.slang">
      <Filter>Shaders\SDFScenes</Filter>
    </ShaderSource>
    <ShaderSource Include="Shaders\SDFScenes\primitives.slang">
      <Filter>Shaders\SDFScenes</Filter>
    </ShaderSource>
    <ShaderSource Include="Shaders\SDFScenes\sdf-explorer\Manufactured\Temple.slang">
      <Filter>Shaders\SDFScenes\sdf-explorer\Manufactured</Filter>
    </ShaderSource>
    <ShaderSource Include="Shaders\SDFScenes\sdf-explorer\Manufactured\Mobius.slang">
      <Filter>Shaders\SDFScenes\sdf-explorer\Manufactured</Filter>
    </ShaderSource>
    <ShaderSource Include="Shaders\SDFScenes\sdf-explorer\Nature\Tree.slang">
      <Filter>Shaders\SDFScenes\sdf-explorer\Nature</Filter>
    </ShaderSource>
    <ShaderSource Include="Shaders\SDFScenes\sdf-explorer\Animal\Girl.slang">
      <Filter>Shaders\SDFScenes\sdf-explorer\Animal</Filter>
    </ShaderSource>
    <ShaderSource Include="Shaders\render_samples.slang">
      <Filter>Shaders</Filter>
    </ShaderSource>
    <ShaderSource Include="Shaders\SDFScenes\sdf-explorer\Fractal\Mandelbulb.slang">
      <Filter>Shaders\SDFScenes\sdf-explorer\Fractal</Filter>
    </ShaderSource>
    <ShaderSource Include="Shaders\SDFScenes\sdf-explorer\Vehicle\Boat.slang">
      <Filter>Shaders\SDFScenes\sdf-explorer\Vehicle</Filter>
    </ShaderSource>
    <ShaderSource Include="Shaders\SDFScenes\sdf-explorer\Fractal\Julia.slang">
      <Filter>Shaders\SDFScenes\sdf-explorer\Fractal</Filter>
    </ShaderSource>
    <ShaderSource Include="Shaders\SDFScenes\sdf-explorer\Fractal\Menger.slang">
      <Filter>Shaders\SDFScenes\sdf-explorer\Fractal</Filter>
    </ShaderSource>
    <ShaderSource Include="Shaders\SDFScenes\sdf-explorer\Nature\Mountain.slang">
      <Filter>Shaders\SDFScenes\sdf-explorer\Nature</Filter>
    </ShaderSource>
    <ShaderSource Include="Shaders\mesh.slang">
      <Filter>Shaders</Filter>
    </ShaderSource>
    <ShaderSource Include="Shaders\computeFromMesh.cs.slang">
      <Filter>Shaders</Filter>
    </ShaderSource>
    <ShaderSource Include="Shaders\sdf_model.slang">
      <Filter>Shaders</Filter>
    </ShaderSource>
  </ItemGroup>
</Project>